<?xml version="1.0" encoding="utf-8"?>
<Project ToolsVersion="4.0" xmlns="http://schemas.microsoft.com/developer/msbuild/2003">
  <ItemGroup>
    <Filter Include="Source Files">
      <UniqueIdentifier>{4FC737F1-C7A5-4376-A066-2A32D752A2FF}</UniqueIdentifier>
      <Extensions>cpp;c;cc;cxx;def;odl;idl;hpj;bat;asm;asmx</Extensions>
    </Filter>
    <Filter Include="Header Files">
      <UniqueIdentifier>{93995380-89BD-4b04-88EB-625FBE52EBFB}</UniqueIdentifier>
      <Extensions>h;hh;hpp;hxx;hm;inl;inc;ipp;xsd</Extensions>
    </Filter>
    <Filter Include="Resource Files">
      <UniqueIdentifier>{67DA6AB6-F800-4c08-8B7A-83BB121AAD01}</UniqueIdentifier>
      <Extensions>rc;ico;cur;bmp;dlg;rc2;rct;bin;rgs;gif;jpg;jpeg;jpe;resx;tiff;tif;png;wav;mfcribbon-ms</Extensions>
    </Filter>
  </ItemGroup>
  <ItemGroup>
    <ClCompile Include="main.cpp">
      <Filter>Source Files</Filter>
    </ClCompile>
    <ClCompile Include="..\include\wrapper_glfw.cpp">
      <Filter>Source Files</Filter>
    </ClCompile>
    <ClCompile Include="..\include\OpenJoeL\Lighting\Lighting.cpp">
      <Filter>Source Files</Filter>
    </ClCompile>
    <ClCompile Include="..\include\OpenJoeL\Environment\Skybox.cpp">
      <Filter>Source Files</Filter>
    </ClCompile>
    <ClCompile Include="..\include\OpenJoeL\Meshes\CubeMesh.cpp">
      <Filter>Source Files</Filter>
    </ClCompile>
    <ClCompile Include="..\include\OpenJoeL\Meshes\Mesh.cpp">
      <Filter>Source Files</Filter>
    </ClCompile>
    <ClCompile Include="..\include\OpenJoeL\Meshes\ModelMesh.cpp">
      <Filter>Source Files</Filter>
    </ClCompile>
    <ClCompile Include="..\include\OpenJoeL\Meshes\SphereMesh.cpp">
      <Filter>Source Files</Filter>
    </ClCompile>
    <ClCompile Include="..\include\OpenJoeL\Meshes\Torus.cpp">
      <Filter>Source Files</Filter>
    </ClCompile>
    <ClCompile Include="..\include\OpenJoeL\Shaders\Shader.cpp">
      <Filter>Source Files</Filter>
    </ClCompile>
    <ClCompile Include="..\include\OpenJoeL\Utils\Camera.cpp">
      <Filter>Source Files</Filter>
    </ClCompile>
    <ClCompile Include="..\include\OpenJoeL\Utils\InputManager.cpp">
      <Filter>Source Files</Filter>
    </ClCompile>
    <ClCompile Include="..\include\OpenJoeL\Render\FrameBuffer.cpp">
      <Filter>Source Files</Filter>
    </ClCompile>
    <ClCompile Include="..\include\OpenJoeL\Render\DynamicCubemap.cpp">
      <Filter>Source Files</Filter>
    </ClCompile>
  </ItemGroup>
  <ItemGroup>
    <ClInclude Include="..\include\wrapper_glfw.h">
      <Filter>Header Files</Filter>
    </ClInclude>
    <ClInclude Include="..\include\OpenJoeL\Lighting\Lighting.h">
      <Filter>Header Files</Filter>
    </ClInclude>
    <ClInclude Include="..\include\OpenJoeL\Environment\Skybox.h">
      <Filter>Header Files</Filter>
    </ClInclude>
    <ClInclude Include="..\include\OpenJoeL\Meshes\CubeMesh.h">
      <Filter>Header Files</Filter>
    </ClInclude>
    <ClInclude Include="..\include\OpenJoeL\Meshes\Mesh.h">
      <Filter>Header Files</Filter>
    </ClInclude>
    <ClInclude Include="..\include\OpenJoeL\Meshes\ModelMesh.h">
      <Filter>Header Files</Filter>
    </ClInclude>
    <ClInclude Include="..\include\OpenJoeL\Meshes\SphereMesh.h">
      <Filter>Header Files</Filter>
    </ClInclude>
    <ClInclude Include="..\include\OpenJoeL\Meshes\Torus.h">
      <Filter>Header Files</Filter>
    </ClInclude>
    <ClInclude Include="..\include\OpenJoeL\Shaders\Shader.h">
      <Filter>Header Files</Filter>
    </ClInclude>
    <ClInclude Include="..\include\OpenJoeL\Texture\Texture.h">
      <Filter>Header Files</Filter>
    </ClInclude>
    <ClInclude Include="..\include\OpenJoeL\Utils\Camera.h">
      <Filter>Header Files</Filter>
    </ClInclude>
    <ClInclude Include="..\include\OpenJoeL\Utils\InputManager.h">
      <Filter>Header Files</Filter>
    </ClInclude>
    <ClInclude Include="..\include\OpenJoeL\Render\FrameBuffer.h">
      <Filter>Header Files</Filter>
    </ClInclude>
    <ClInclude Include="..\include\OpenJoeL\Render\DynamicCubemap.h">
      <Filter>Header Files</Filter>
    </ClInclude>
  </ItemGroup>
  <ItemGroup>
    <None Include="..\shaders\pbr.frag" />
    <None Include="..\shaders\pbr.vert" />
    <None Include="..\shaders\pbrreflection.frag" />
    <None Include="..\shaders\pbrreflection.vert" />
  </ItemGroup>
</Project>